
Microsoft Visual Studio Solution File, Format Version 12.00
# Visual Studio Version 17
VisualStudioVersion = 17.9.34728.123
MinimumVisualStudioVersion = 10.0.40219.1
Project("{FAE04EC0-301F-11D3-BF4B-00C04F79EFBC}") = "ECommerceAPI", "ECommerceAPI\ECommerceAPI.csproj", "{CE9CE166-4B7C-4D3E-87D1-E5525ABA8C07}"
EndProject
Global
	GlobalSection(SolutionConfigurationPlatforms) = preSolution
		Debug|Any CPU = Debug|Any CPU
		Release|Any CPU = Release|Any CPU
	EndGlobalSection
	GlobalSection(ProjectConfigurationPlatforms) = postSolution
		{CE9CE166-4B7C-4D3E-87D1-E5525ABA8C07}.Debug|Any CPU.ActiveCfg = Debug|Any CPU
		{CE9CE166-4B7C-4D3E-87D1-E5525ABA8C07}.Debug|Any CPU.Build.0 = Debug|Any CPU
		{CE9CE166-4B7C-4D3E-87D1-E5525ABA8C07}.Release|Any CPU.ActiveCfg = Release|Any CPU
		{CE9CE166-4B7C-4D3E-87D1-E5525ABA8C07}.Release|Any CPU.Build.0 = Release|Any CPU
	EndGlobalSection
	GlobalSection(SolutionProperties) = preSolution
		HideSolutionNode = FALSE
	EndGlobalSection
	GlobalSection(ExtensibilityGlobals) = postSolution
		SolutionGuid = {601DE15B-8CF8-41B9-9669-A71C2B2B357B}
	EndGlobalSection
EndGlobal
